
Microsoft Visual Studio Solution File, Format Version 12.00
# Visual Studio 15
VisualStudioVersion = 15.0.28307.421
MinimumVisualStudioVersion = 10.0.40219.1
Project("{FAE04EC0-301F-11D3-BF4B-00C04F79EFBC}") = "GolfTracker", "GolfTracker\GolfTracker.csproj", "{2DFA310D-D8F6-4B8E-A562-8D537B93F870}"
EndProject
Global
	GlobalSection(SolutionConfigurationPlatforms) = preSolution
		Debug|Any CPU = Debug|Any CPU
		Release|Any CPU = Release|Any CPU
	EndGlobalSection
	GlobalSection(ProjectConfigurationPlatforms) = postSolution
		{2DFA310D-D8F6-4B8E-A562-8D537B93F870}.Debug|Any CPU.ActiveCfg = Debug|Any CPU
		{2DFA310D-D8F6-4B8E-A562-8D537B93F870}.Debug|Any CPU.Build.0 = Debug|Any CPU
		{2DFA310D-D8F6-4B8E-A562-8D537B93F870}.Release|Any CPU.ActiveCfg = Release|Any CPU
		{2DFA310D-D8F6-4B8E-A562-8D537B93F870}.Release|Any CPU.Build.0 = Release|Any CPU
	EndGlobalSection
	GlobalSection(SolutionProperties) = preSolution
		HideSolutionNode = FALSE
	EndGlobalSection
	GlobalSection(ExtensibilityGlobals) = postSolution
		SolutionGuid = {A3E0B0C2-4C0B-4668-BE6F-484C47152418}
	EndGlobalSection
EndGlobal
